
Microsoft Visual Studio Solution File, Format Version 12.00
# Visual Studio 15
VisualStudioVersion = 15.0.28010.2050
MinimumVisualStudioVersion = 10.0.40219.1
Project("{8BC9CEB8-8B4A-11D0-8D11-00A0C91BC942}") = "ex1", "ex1\ex1.vcxproj", "{4CDFEB04-00DD-4FD2-8192-70E34802AE48}"
EndProject
Global
	GlobalSection(SolutionConfigurationPlatforms) = preSolution
		Debug|x64 = Debug|x64
		Debug|x86 = Debug|x86
		Release|x64 = Release|x64
		Release|x86 = Release|x86
	EndGlobalSection
	GlobalSection(ProjectConfigurationPlatforms) = postSolution
		{4CDFEB04-00DD-4FD2-8192-70E34802AE48}.Debug|x64.ActiveCfg = Debug|x64
		{4CDFEB04-00DD-4FD2-8192-70E34802AE48}.Debug|x64.Build.0 = Debug|x64
		{4CDFEB04-00DD-4FD2-8192-70E34802AE48}.Debug|x86.ActiveCfg = Debug|Win32
		{4CDFEB04-00DD-4FD2-8192-70E34802AE48}.Debug|x86.Build.0 = Debug|Win32
		{4CDFEB04-00DD-4FD2-8192-70E34802AE48}.Release|x64.ActiveCfg = Release|x64
		{4CDFEB04-00DD-4FD2-8192-70E34802AE48}.Release|x64.Build.0 = Release|x64
		{4CDFEB04-00DD-4FD2-8192-70E34802AE48}.Release|x86.ActiveCfg = Release|Win32
		{4CDFEB04-00DD-4FD2-8192-70E34802AE48}.Release|x86.Build.0 = Release|Win32
	EndGlobalSection
	GlobalSection(SolutionProperties) = preSolution
		HideSolutionNode = FALSE
	EndGlobalSection
	GlobalSection(ExtensibilityGlobals) = postSolution
		SolutionGuid = {C361DE2D-1EAF-41B8-AE20-0E3E00E0678D}
	EndGlobalSection
EndGlobal
