<?xml version="1.0" encoding="utf-8"?>
<Project ToolsVersion="4.0" xmlns="http://schemas.microsoft.com/developer/msbuild/2003">
  <ItemGroup>
    <Filter Include="ソース ファイル">
      <UniqueIdentifier>{4FC737F1-C7A5-4376-A066-2A32D752A2FF}</UniqueIdentifier>
      <Extensions>cpp;c;cc;cxx;def;odl;idl;hpj;bat;asm;asmx</Extensions>
    </Filter>
    <Filter Include="ヘッダー ファイル">
      <UniqueIdentifier>{93995380-89BD-4b04-88EB-625FBE52EBFB}</UniqueIdentifier>
      <Extensions>h;hh;hpp;hxx;hm;inl;inc;ipp;xsd</Extensions>
    </Filter>
    <Filter Include="リソース ファイル">
      <UniqueIdentifier>{67DA6AB6-F800-4c08-8B7A-83BB121AAD01}</UniqueIdentifier>
      <Extensions>rc;ico;cur;bmp;dlg;rc2;rct;bin;rgs;gif;jpg;jpeg;jpe;resx;tiff;tif;png;wav;mfcribbon-ms</Extensions>
    </Filter>
  </ItemGroup>
  <ItemGroup>
    <ClInclude Include="pch.h">
      <Filter>ヘッダー ファイル</Filter>
    </ClInclude>
  </ItemGroup>
  <ItemGroup>
    <ClCompile Include="pch.cpp">
      <Filter>ソース ファイル</Filter>
    </ClCompile>
    <ClCompile Include="ex1.cpp">
      <Filter>ソース ファイル</Filter>
    </ClCompile>
  </ItemGroup>
  <ItemGroup>
    <Text Include="..\..\kadai-1-data\c01.txt">
      <Filter>リソース ファイル</Filter>
    </Text>
    <Text Include="..\..\kadai-1-data\c02.txt">
      <Filter>リソース ファイル</Filter>
    </Text>
    <Text Include="..\..\kadai-1-data\c03.txt">
      <Filter>リソース ファイル</Filter>
    </Text>
    <Text Include="..\..\kadai-1-data\c04.txt">
      <Filter>リソース ファイル</Filter>
    </Text>
    <Text Include="..\..\kadai-1-data\c05.txt">
      <Filter>リソース ファイル</Filter>
    </Text>
    <Text Include="..\..\kadai-1-data\c06.txt">
      <Filter>リソース ファイル</Filter>
    </Text>
    <Text Include="..\..\kadai-1-data\c07.txt">
      <Filter>リソース ファイル</Filter>
    </Text>
    <Text Include="..\..\kadai-1-data\c08.txt">
      <Filter>リソース ファイル</Filter>
    </Text>
    <Text Include="..\..\kadai-1-data\c09.txt">
      <Filter>リソース ファイル</Filter>
    </Text>
    <Text Include="..\..\kadai-1-data\c10.txt">
      <Filter>リソース ファイル</Filter>
    </Text>
    <Text Include="..\..\kadai-1-data\c11.txt">
      <Filter>リソース ファイル</Filter>
    </Text>
    <Text Include="..\..\kadai-1-data\c12.txt">
      <Filter>リソース ファイル</Filter>
    </Text>
    <Text Include="..\..\kadai-1-data\c13.txt">
      <Filter>リソース ファイル</Filter>
    </Text>
    <Text Include="..\..\kadai-1-data\c14.txt">
      <Filter>リソース ファイル</Filter>
    </Text>
    <Text Include="..\..\kadai-1-data\c15.txt">
      <Filter>リソース ファイル</Filter>
    </Text>
    <Text Include="..\..\kadai-1-data\c16.txt">
      <Filter>リソース ファイル</Filter>
    </Text>
    <Text Include="..\..\kadai-1-data\c17.txt">
      <Filter>リソース ファイル</Filter>
    </Text>
    <Text Include="..\..\kadai-1-data\c18.txt">
      <Filter>リソース ファイル</Filter>
    </Text>
    <Text Include="..\..\kadai-1-data\c19.txt">
      <Filter>リソース ファイル</Filter>
    </Text>
    <Text Include="..\..\kadai-1-data\c20.txt">
      <Filter>リソース ファイル</Filter>
    </Text>
    <Text Include="..\..\kadai-1-data\c21.txt">
      <Filter>リソース ファイル</Filter>
    </Text>
    <Text Include="..\..\kadai-1-data\c22.txt">
      <Filter>リソース ファイル</Filter>
    </Text>
    <Text Include="..\..\kadai-1-data\c23.txt">
      <Filter>リソース ファイル</Filter>
    </Text>
    <Text Include="..\..\kadai-1-data\c24.txt">
      <Filter>リソース ファイル</Filter>
    </Text>
    <Text Include="..\..\kadai-1-data\c25.txt">
      <Filter>リソース ファイル</Filter>
    </Text>
    <Text Include="..\..\kadai-1-data\c26.txt">
      <Filter>リソース ファイル</Filter>
    </Text>
    <Text Include="..\..\kadai-1-data\c27.txt">
      <Filter>リソース ファイル</Filter>
    </Text>
    <Text Include="..\..\kadai-1-data\c28.txt">
      <Filter>リソース ファイル</Filter>
    </Text>
    <Text Include="..\..\kadai-1-data\c29.txt">
      <Filter>リソース ファイル</Filter>
    </Text>
    <Text Include="..\..\kadai-1-data\c30.txt">
      <Filter>リソース ファイル</Filter>
    </Text>
    <Text Include="..\..\kadai-1-data\c31.txt">
      <Filter>リソース ファイル</Filter>
    </Text>
    <Text Include="..\..\kadai-1-data\c32.txt">
      <Filter>リソース ファイル</Filter>
    </Text>
    <Text Include="..\..\kadai-1-data\c33.txt">
      <Filter>リソース ファイル</Filter>
    </Text>
    <Text Include="..\..\kadai-1-data\c34.txt">
      <Filter>リソース ファイル</Filter>
    </Text>
    <Text Include="..\..\kadai-1-data\c35.txt">
      <Filter>リソース ファイル</Filter>
    </Text>
    <Text Include="..\..\kadai-1-data\c36.txt">
      <Filter>リソース ファイル</Filter>
    </Text>
    <Text Include="..\..\kadai-1-data\c37.txt">
      <Filter>リソース ファイル</Filter>
    </Text>
    <Text Include="..\..\kadai-1-data\c38.txt">
      <Filter>リソース ファイル</Filter>
    </Text>
    <Text Include="..\..\kadai-1-data\c39.txt">
      <Filter>リソース ファイル</Filter>
    </Text>
    <Text Include="..\..\kadai-1-data\c40.txt">
      <Filter>リソース ファイル</Filter>
    </Text>
    <Text Include="..\..\kadai-1-data\c41.txt">
      <Filter>リソース ファイル</Filter>
    </Text>
    <Text Include="..\..\kadai-1-data\c42.txt">
      <Filter>リソース ファイル</Filter>
    </Text>
    <Text Include="..\..\kadai-1-data\c43.txt">
      <Filter>リソース ファイル</Filter>
    </Text>
    <Text Include="..\..\kadai-1-data\c44.txt">
      <Filter>リソース ファイル</Filter>
    </Text>
    <Text Include="..\..\kadai-1-data\c45.txt">
      <Filter>リソース ファイル</Filter>
    </Text>
    <Text Include="..\..\kadai-1-data\c46.txt">
      <Filter>リソース ファイル</Filter>
    </Text>
  </ItemGroup>
</Project>